
Microsoft Visual Studio Solution File, Format Version 12.00
# Visual Studio Version 16
VisualStudioVersion = 16.0.31424.327
MinimumVisualStudioVersion = 10.0.40219.1
Project("{9A19103F-16F7-4668-BE54-9A1E7A4F7556}") = "Pokemon-Api", "Pokemon-Api\Pokemon-Api.csproj", "{C98A9BA2-D16E-4F6C-B50D-0DC3F6775015}"
EndProject
Project("{9A19103F-16F7-4668-BE54-9A1E7A4F7556}") = "Pokemon-Web", "Pokemon-Web\Pokemon-Web.csproj", "{463EA8FB-6645-4B64-950E-411823D1DAEE}"
EndProject
Project("{9A19103F-16F7-4668-BE54-9A1E7A4F7556}") = "Pokemon-Data", "Pokemon-Data\Pokemon-Data.csproj", "{73C6EA89-CD6D-4BA9-BE09-16F7E6E2399E}"
EndProject
Project("{9A19103F-16F7-4668-BE54-9A1E7A4F7556}") = "Pokemon-Api.Test", "Pokemon-Api.Test\Pokemon-Api.Test.csproj", "{00D9C1CE-7885-4018-9C99-7A8D1F7907FC}"
EndProject
Project("{FAE04EC0-301F-11D3-BF4B-00C04F79EFBC}") = "Pokemon-Common", "Pokemon-Common\Pokemon-Common.csproj", "{2D569861-4B1D-4A6F-921D-D933EFC1A925}"
EndProject
Global
	GlobalSection(SolutionConfigurationPlatforms) = preSolution
		Debug|Any CPU = Debug|Any CPU
		Release|Any CPU = Release|Any CPU
	EndGlobalSection
	GlobalSection(ProjectConfigurationPlatforms) = postSolution
		{C98A9BA2-D16E-4F6C-B50D-0DC3F6775015}.Debug|Any CPU.ActiveCfg = Debug|Any CPU
		{C98A9BA2-D16E-4F6C-B50D-0DC3F6775015}.Debug|Any CPU.Build.0 = Debug|Any CPU
		{C98A9BA2-D16E-4F6C-B50D-0DC3F6775015}.Release|Any CPU.ActiveCfg = Release|Any CPU
		{C98A9BA2-D16E-4F6C-B50D-0DC3F6775015}.Release|Any CPU.Build.0 = Release|Any CPU
		{463EA8FB-6645-4B64-950E-411823D1DAEE}.Debug|Any CPU.ActiveCfg = Debug|Any CPU
		{463EA8FB-6645-4B64-950E-411823D1DAEE}.Debug|Any CPU.Build.0 = Debug|Any CPU
		{463EA8FB-6645-4B64-950E-411823D1DAEE}.Release|Any CPU.ActiveCfg = Release|Any CPU
		{463EA8FB-6645-4B64-950E-411823D1DAEE}.Release|Any CPU.Build.0 = Release|Any CPU
		{73C6EA89-CD6D-4BA9-BE09-16F7E6E2399E}.Debug|Any CPU.ActiveCfg = Debug|Any CPU
		{73C6EA89-CD6D-4BA9-BE09-16F7E6E2399E}.Debug|Any CPU.Build.0 = Debug|Any CPU
		{73C6EA89-CD6D-4BA9-BE09-16F7E6E2399E}.Release|Any CPU.ActiveCfg = Release|Any CPU
		{73C6EA89-CD6D-4BA9-BE09-16F7E6E2399E}.Release|Any CPU.Build.0 = Release|Any CPU
		{00D9C1CE-7885-4018-9C99-7A8D1F7907FC}.Debug|Any CPU.ActiveCfg = Debug|Any CPU
		{00D9C1CE-7885-4018-9C99-7A8D1F7907FC}.Debug|Any CPU.Build.0 = Debug|Any CPU
		{00D9C1CE-7885-4018-9C99-7A8D1F7907FC}.Release|Any CPU.ActiveCfg = Release|Any CPU
		{00D9C1CE-7885-4018-9C99-7A8D1F7907FC}.Release|Any CPU.Build.0 = Release|Any CPU
		{2D569861-4B1D-4A6F-921D-D933EFC1A925}.Debug|Any CPU.ActiveCfg = Debug|Any CPU
		{2D569861-4B1D-4A6F-921D-D933EFC1A925}.Debug|Any CPU.Build.0 = Debug|Any CPU
		{2D569861-4B1D-4A6F-921D-D933EFC1A925}.Release|Any CPU.ActiveCfg = Release|Any CPU
		{2D569861-4B1D-4A6F-921D-D933EFC1A925}.Release|Any CPU.Build.0 = Release|Any CPU
	EndGlobalSection
	GlobalSection(SolutionProperties) = preSolution
		HideSolutionNode = FALSE
	EndGlobalSection
	GlobalSection(ExtensibilityGlobals) = postSolution
		SolutionGuid = {BCBF9E62-30E3-4A2A-A0DE-F2200F7CBFD6}
	EndGlobalSection
EndGlobal
